{
  "name": "genai-interlingua-capture",
  "lockfileVersion": 3,
  "requires": true,
  "packages": {
    "": {
      "name": "genai-interlingua-capture",
      "dependencies": {
        "@ai-sdk/openai": "^2",
        "@opentelemetry/api": "^1",
        "@opentelemetry/exporter-trace-otlp-http": "latest",
        "@opentelemetry/resources": "^2",
        "@opentelemetry/sdk-trace-node": "^2",
        "@opentelemetry/semantic-conventions": "^1",
        "ai": "^5",
        "zod": "^4.5.4"
      }
    },
    "node_modules/@ai-sdk/gateway": {
      "version": "2.0.147",
      "resolved": "https://registry.npmjs.org/@ai-sdk/gateway/-/gateway-2.0.147.tgz",
      "integrity": "sha512-uBi+N+9ApEKPrasD+QeUhGoDaXGZF4VuEfBrd1eh/taKQeThK02RzbPsLP9UmJNZJnqjr+7VPcZ5+Cj65QfGiw==",
      "license": "Apache-2.0",
      "dependencies": {
        "@ai-sdk/provider": "2.0.3",
        "@ai-sdk/provider-utils": "3.0.36",
        "@vercel/oidc": "3.1.0"
      },
      "engines": {
        "node": ">=18"
      },
      "peerDependencies": {
        "zod": "^3.25.76 || ^4.1.8"
      }
    },
    "node_modules/@ai-sdk/openai": {
      "version": "2.0.125",
      "resolved": "https://registry.npmjs.org/@ai-sdk/openai/-/openai-2.0.125.tgz",
      "integrity": "sha512-9VWeQuY8eJwKlTQO8qbYGb18nPREb80DcWZVlhP6534tc1vEalRDCDXfv5zg3ied5wrAksLpvWQPa2379w4kmQ==",
      "license": "Apache-2.0",
      "dependencies": {
        "@ai-sdk/provider": "2.0.3",
        "@ai-sdk/provider-utils": "3.0.36"
      },
      "engines": {
        "node": ">=18"
      },
      "peerDependencies": {
        "zod": "^3.25.76 || ^4.1.8"
      }
    },
    "node_modules/@ai-sdk/provider": {
      "version": "2.0.3",
      "resolved": "https://registry.npmjs.org/@ai-sdk/provider/-/provider-2.0.3.tgz",
      "integrity": "sha512-h88OPkavHTiN9tMn2l5awAznGB0lXzjcLhgR1/rvjB2zlLprsNxbM2tt6OJsHUxduLC3klq0/eqaSf6fX5XVww==",
      "license": "Apache-2.0",
      "dependencies": {
        "json-schema": "^0.4.0"
      },
      "engines": {
        "node": ">=18"
      }
    },
    "node_modules/@ai-sdk/provider-utils": {
      "version": "3.0.36",
      "resolved": "https://registry.npmjs.org/@ai-sdk/provider-utils/-/provider-utils-3.0.36.tgz",
      "integrity": "sha512-2eSw90hn32Je6n2a8Gf4dJ2EoecPJuOCWqwZCw+BkhPq2LOS01HX3s6ljgOm0iIkZiD5aAuMdpOw17rYKQF/Zg==",
      "license": "Apache-2.0",
      "dependencies": {
        "@ai-sdk/provider": "2.0.3",
        "@standard-schema/spec": "^1.0.0",
        "eventsource-parser": "^3.0.6",
        "undici": "^5.29.0"
      },
      "engines": {
        "node": ">=18"
      },
      "peerDependencies": {
        "zod": "^3.25.76 || ^4.1.8"
      }
    },
    "node_modules/@fastify/busboy": {
      "version": "2.1.1",
      "resolved": "https://registry.npmjs.org/@fastify/busboy/-/busboy-2.1.1.tgz",
      "integrity": "sha512-vBZP4NlzfOlerQTnba4aqZoMhE/a9HY7HRqoOPaETQcSQuWEIyZMHGfVu6w9wGtGK5fED5qRs2DteVCjOH60sA==",
      "license": "MIT",
      "engines": {
        "node": ">=14"
      }
    },
    "node_modules/@opentelemetry/api": {
      "version": "1.9.1",
      "resolved": "https://registry.npmjs.org/@opentelemetry/api/-/api-1.9.1.tgz",
      "integrity": "sha512-gLyJlPHPZYdAk1JENA9LeHejZe1Ti77/pTeFm/nMXmQH/HFZlcS/O2XJB+L8fkbrNSqhdtlvjBVjxwUYanNH5Q==",
      "license": "Apache-2.0",
      "engines": {
        "node": ">=8.0.0"
      }
    },
    "node_modules/@opentelemetry/api-logs": {
      "version": "0.222.0",
      "resolved": "https://registry.npmjs.org/@opentelemetry/api-logs/-/api-logs-0.222.0.tgz",
      "integrity": "sha512-9mb1If+IF6u0ZVXkHQ6ogEae5HwA6ajIVUgpSDQyRASxft6BSXHvBvPooRle3yFN/fKnCdSOnuu0OC3PLcF6+g==",
      "license": "Apache-2.0",
      "dependencies": {
        "@opentelemetry/api": "^1.3.0"
      },
      "engines": {
        "node": ">=8.0.0"
      }
    },
    "node_modules/@opentelemetry/context-async-hooks": {
      "version": "2.11.0",
      "resolved": "https://registry.npmjs.org/@opentelemetry/context-async-hooks/-/context-async-hooks-2.11.0.tgz",
      "integrity": "sha512-Tr79DyWI8itsBdg+jH+opjfrwLzX+erk1/ExkIwhWoAVjVrJIn2y5+cGjTC0Vy8fyNIA/y8wuJPZwr1T3xCZeQ==",
      "license": "Apache-2.0",
      "engines": {
        "node": "^18.19.0 || >=20.6.0"
      },
      "peerDependencies": {
        "@opentelemetry/api": ">=1.0.0 <1.10.0"
      }
    },
    "node_modules/@opentelemetry/core": {
      "version": "2.11.0",
      "resolved": "https://registry.npmjs.org/@opentelemetry/core/-/core-2.11.0.tgz",
      "integrity": "sha512-7YP44XH0tV6+Mb54x2YGf84i7yi+31MBZlE8JwvozkxyTvXbSp10X7cI7YE49ChJ3shMJoBmCJF3+1QFBJctGA==",
      "license": "Apache-2.0",
      "dependencies": {
        "@opentelemetry/semantic-conventions": "^1.29.0"
      },
      "engines": {
        "node": "^18.19.0 || >=20.6.0"
      },
      "peerDependencies": {
        "@opentelemetry/api": ">=1.0.0 <1.10.0"
      }
    },
    "node_modules/@opentelemetry/exporter-trace-otlp-http": {
      "version": "0.222.0",
      "resolved": "https://registry.npmjs.org/@opentelemetry/exporter-trace-otlp-http/-/exporter-trace-otlp-http-0.222.0.tgz",
      "integrity": "sha512-RCnPWcHppwiquQ+cV3nWvNwdf0MG1w26e5jewW2T83nTZOlXgcg88sY9ulCVgagGHcq1mj0L0GP6YHgzk2v8oA==",
      "license": "Apache-2.0",
      "dependencies": {
        "@opentelemetry/otlp-exporter-base": "0.222.0",
        "@opentelemetry/otlp-transformer": "0.222.0",
        "@opentelemetry/sdk-trace": "2.11.0"
      },
      "engines": {
        "node": "^18.19.0 || >=20.6.0"
      },
      "peerDependencies": {
        "@opentelemetry/api": "^1.3.0"
      }
    },
    "node_modules/@opentelemetry/otlp-exporter-base": {
      "version": "0.222.0",
      "resolved": "https://registry.npmjs.org/@opentelemetry/otlp-exporter-base/-/otlp-exporter-base-0.222.0.tgz",
      "integrity": "sha512-YbywG3veEm2Fb6TbdxRkuquWob6eVWXuA8/Ba1tXz9jHfUqpdE3keilOHEtPboC4CvS1bjeeVfNkWGOOrLj+lw==",
      "license": "Apache-2.0",
      "dependencies": {
        "@opentelemetry/core": "2.11.0",
        "@opentelemetry/otlp-transformer": "0.222.0"
      },
      "engines": {
        "node": "^18.19.0 || >=20.6.0"
      },
      "peerDependencies": {
        "@opentelemetry/api": "^1.3.0"
      }
    },
    "node_modules/@opentelemetry/otlp-transformer": {
      "version": "0.222.0",
      "resolved": "https://registry.npmjs.org/@opentelemetry/otlp-transformer/-/otlp-transformer-0.222.0.tgz",
      "integrity": "sha512-/F3BZ89+CJQnZkMh2tCrtcdB+XT2Dxhj4FFE+WPQ//413hmFL0/RfEX6vgOIWGhiSzrkHWTK3+6SiT7K5/g/jQ==",
      "license": "Apache-2.0",
      "dependencies": {
        "@opentelemetry/api-logs": "0.222.0",
        "@opentelemetry/core": "2.11.0",
        "@opentelemetry/resources": "2.11.0",
        "@opentelemetry/sdk-logs": "0.222.0",
        "@opentelemetry/sdk-metrics": "2.11.0",
        "@opentelemetry/sdk-trace": "2.11.0"
      },
      "engines": {
        "node": "^18.19.0 || >=20.6.0"
      },
      "peerDependencies": {
        "@opentelemetry/api": "^1.3.0"
      }
    },
    "node_modules/@opentelemetry/resources": {
      "version": "2.11.0",
      "resolved": "https://registry.npmjs.org/@opentelemetry/resources/-/resources-2.11.0.tgz",
      "integrity": "sha512-Ie7+8q8MDF4FAEQCKVMTx3ReUvxiIAgIiiW3c9JdmP8+HMcDy20puT+AHjexnExgnbvBxjQ9fjkFDWrikJ2jQA==",
      "license": "Apache-2.0",
      "dependencies": {
        "@opentelemetry/core": "2.11.0",
        "@opentelemetry/semantic-conventions": "^1.29.0"
      },
      "engines": {
        "node": "^18.19.0 || >=20.6.0"
      },
      "peerDependencies": {
        "@opentelemetry/api": ">=1.3.0 <1.10.0"
      }
    },
    "node_modules/@opentelemetry/sdk-logs": {
      "version": "0.222.0",
      "resolved": "https://registry.npmjs.org/@opentelemetry/sdk-logs/-/sdk-logs-0.222.0.tgz",
      "integrity": "sha512-+19YHODIjaUCArxleaJtuufFZVpz/xvvK+VllQqE+W8hHolxdoRwHfK/s667zezwh1hkx6FFF+oYzetYgqK+Bg==",
      "license": "Apache-2.0",
      "dependencies": {
        "@opentelemetry/api-logs": "0.222.0",
        "@opentelemetry/core": "2.11.0",
        "@opentelemetry/resources": "2.11.0",
        "@opentelemetry/semantic-conventions": "^1.29.0"
      },
      "engines": {
        "node": "^18.19.0 || >=20.6.0"
      },
      "peerDependencies": {
        "@opentelemetry/api": ">=1.4.0 <1.10.0"
      }
    },
    "node_modules/@opentelemetry/sdk-metrics": {
      "version": "2.11.0",
      "resolved": "https://registry.npmjs.org/@opentelemetry/sdk-metrics/-/sdk-metrics-2.11.0.tgz",
      "integrity": "sha512-7GXXcObyHyDUUSG+L+kJoquty01bzm7ivE7+SSgXXJcHuPzGviptxwARmI2c+bnnxjexGQbJnyNlN8HxBP/Y7A==",
      "license": "Apache-2.0",
      "dependencies": {
        "@opentelemetry/core": "2.11.0",
        "@opentelemetry/resources": "2.11.0"
      },
      "engines": {
        "node": "^18.19.0 || >=20.6.0"
      },
      "peerDependencies": {
        "@opentelemetry/api": ">=1.9.0 <1.10.0"
      }
    },
    "node_modules/@opentelemetry/sdk-trace": {
      "version": "2.11.0",
      "resolved": "https://registry.npmjs.org/@opentelemetry/sdk-trace/-/sdk-trace-2.11.0.tgz",
      "integrity": "sha512-fFnTqGm8/G73GQVnxYi7LXa1ZVYEUvgL6XI1LpvV0bPC7WQ/ZGgKxCSl8FnlZBKto9JHHEFTO6s6CUpvvtwFrA==",
      "license": "Apache-2.0",
      "dependencies": {
        "@opentelemetry/core": "2.11.0",
        "@opentelemetry/resources": "2.11.0",
        "@opentelemetry/semantic-conventions": "^1.29.0"
      },
      "engines": {
        "node": "^18.19.0 || >=20.6.0"
      },
      "peerDependencies": {
        "@opentelemetry/api": ">=1.3.0 <1.10.0"
      }
    },
    "node_modules/@opentelemetry/sdk-trace-base": {
      "version": "2.11.0",
      "resolved": "https://registry.npmjs.org/@opentelemetry/sdk-trace-base/-/sdk-trace-base-2.11.0.tgz",
      "integrity": "sha512-H19x/TX/LZdqiYOjM7fqtSxwlplC5pgelavqbQdHbhdq0q/AI/TGkM2dfGuuynTXmJPeF2HoZVoPDu+TGoW78A==",
      "license": "Apache-2.0",
      "dependencies": {
        "@opentelemetry/core": "2.11.0",
        "@opentelemetry/resources": "2.11.0",
        "@opentelemetry/sdk-trace": "2.11.0",
        "@opentelemetry/semantic-conventions": "^1.29.0"
      },
      "engines": {
        "node": "^18.19.0 || >=20.6.0"
      },
      "peerDependencies": {
        "@opentelemetry/api": ">=1.3.0 <1.10.0"
      }
    },
    "node_modules/@opentelemetry/sdk-trace-node": {
      "version": "2.11.0",
      "resolved": "https://registry.npmjs.org/@opentelemetry/sdk-trace-node/-/sdk-trace-node-2.11.0.tgz",
      "integrity": "sha512-CuvCMJmZxswhNLlM2LfuLOW3h3fZujA4hsG4B+Sz4dX2zvaXO8Ng74cnDHWD64gLszTlhiG3c0iNUjj4g+0/sA==",
      "license": "Apache-2.0",
      "dependencies": {
        "@opentelemetry/context-async-hooks": "2.11.0",
        "@opentelemetry/core": "2.11.0",
        "@opentelemetry/sdk-trace-base": "2.11.0"
      },
      "engines": {
        "node": "^18.19.0 || >=20.6.0"
      },
      "peerDependencies": {
        "@opentelemetry/api": ">=1.0.0 <1.10.0"
      }
    },
    "node_modules/@opentelemetry/semantic-conventions": {
      "version": "1.43.0",
      "resolved": "https://registry.npmjs.org/@opentelemetry/semantic-conventions/-/semantic-conventions-1.43.0.tgz",
      "integrity": "sha512-eSYWTm620tTk45EKSedaUL8MFYI8hW164hIXsgIHyxu3VobUB3fFCu5t0hQby6OoWRPsG1KkKUG2M5UadiLiVg==",
      "license": "Apache-2.0",
      "engines": {
        "node": ">=14"
      }
    },
    "node_modules/@standard-schema/spec": {
      "version": "1.1.0",
      "resolved": "https://registry.npmjs.org/@standard-schema/spec/-/spec-1.1.0.tgz",
      "integrity": "sha512-l2aFy5jALhniG5HgqrD6jXLi/rUWrKvqN/qJx6yoJsgKhblVd+iqqU4RCXavm/jPityDo5TCvKMnpjKnOriy0w==",
      "license": "MIT"
    },
    "node_modules/@vercel/oidc": {
      "version": "3.1.0",
      "resolved": "https://registry.npmjs.org/@vercel/oidc/-/oidc-3.1.0.tgz",
      "integrity": "sha512-Fw28YZpRnA3cAHHDlkt7xQHiJ0fcL+NRcIqsocZQUSmbzeIKRpwttJjik5ZGanXP+vlA4SbTg+AbA3bP363l+w==",
      "license": "Apache-2.0",
      "engines": {
        "node": ">= 20"
      }
    },
    "node_modules/ai": {
      "version": "5.0.253",
      "resolved": "https://registry.npmjs.org/ai/-/ai-5.0.253.tgz",
      "integrity": "sha512-Z784HqUI3GOYiK/CACH9H8A7aqf67cuUnNslS2+//TJZZzCCFuQq6L2socSkIeVGkB8kC4arThXAYl6lWOq/lQ==",
      "license": "Apache-2.0",
      "dependencies": {
        "@ai-sdk/gateway": "2.0.147",
        "@ai-sdk/provider": "2.0.3",
        "@ai-sdk/provider-utils": "3.0.36",
        "@opentelemetry/api": "1.9.0"
      },
      "engines": {
        "node": ">=18"
      },
      "peerDependencies": {
        "zod": "^3.25.76 || ^4.1.8"
      }
    },
    "node_modules/ai/node_modules/@opentelemetry/api": {
      "version": "1.9.0",
      "resolved": "https://registry.npmjs.org/@opentelemetry/api/-/api-1.9.0.tgz",
      "integrity": "sha512-3giAOQvZiH5F9bMlMiv8+GSPMeqg0dbaeo58/0SlA9sxSqZhnUtxzX9/2FzyhS9sWQf5S0GJE0AKBrFqjpeYcg==",
      "license": "Apache-2.0",
      "engines": {
        "node": ">=8.0.0"
      }
    },
    "node_modules/eventsource-parser": {
      "version": "3.1.1",
      "resolved": "https://registry.npmjs.org/eventsource-parser/-/eventsource-parser-3.1.1.tgz",
      "integrity": "sha512-EKN1vKAMcZ8MlYMpaNuxN6R9yakzH6uajHcHVTqWJzvu5pWw9DyhbP35HH8MVBQ+dZjAfDxk+A8NiR9KWaXiyQ==",
      "license": "MIT",
      "engines": {
        "node": ">=18.0.0"
      }
    },
    "node_modules/json-schema": {
      "version": "0.4.0",
      "resolved": "https://registry.npmjs.org/json-schema/-/json-schema-0.4.0.tgz",
      "integrity": "sha512-es94M3nTIfsEPisRafak+HDLfHXnKBhV3vU5eqPcS3flIWqcxJWgXHXiey3YrpaNsanY5ei1VoYEbOzijuq9BA==",
      "license": "(AFL-2.1 OR BSD-3-Clause)"
    },
    "node_modules/undici": {
      "version": "5.29.0",
      "resolved": "https://registry.npmjs.org/undici/-/undici-5.29.0.tgz",
      "integrity": "sha512-raqeBD6NQK4SkWhQzeYKd1KmIG6dllBOTt55Rmkt4HtI9mwdWtJljnrXjAFUBLTSN67HWrOIZ3EPF4kjUw80Bg==",
      "license": "MIT",
      "dependencies": {
        "@fastify/busboy": "^2.0.0"
      },
      "engines": {
        "node": ">=14.0"
      }
    },
    "node_modules/zod": {
      "version": "4.5.4",
      "resolved": "https://registry.npmjs.org/zod/-/zod-4.5.4.tgz",
      "integrity": "sha512-sC95tT5iHHH9gtpj6A81kh+NEaRAUFN+qlUPDUbRfOMvNf5QCBqsb3WgvnpVtK5Y+4UfA6KqufotuTvMGiTlsA==",
      "license": "MIT",
      "funding": {
        "url": "https://github.com/sponsors/colinhacks"
      }
    }
  }
}
